
Microsoft Visual Studio Solution File, Format Version 12.00
# Visual Studio 2015
Project("{FAE04EC0-301F-11D3-BF4B-00C04F79EFBC}") = "sarah_vr_first_try", "sarah_vr_first_try.csproj", "{2A275CEB-0000-CF51-7070-9EF57C891D06}"
EndProject
Project("{FAE04EC0-301F-11D3-BF4B-00C04F79EFBC}") = "sarah_vr_first_try.Editor", "sarah_vr_first_try.Editor.csproj", "{29A35E47-546B-C03E-3D38-BAD70D533771}"
EndProject
Global
	GlobalSection(SolutionConfigurationPlatforms) = preSolution
		Debug|Any CPU = Debug|Any CPU
		Release|Any CPU = Release|Any CPU
	EndGlobalSection
	GlobalSection(ProjectConfigurationPlatforms) = postSolution
		{2A275CEB-0000-CF51-7070-9EF57C891D06}.Debug|Any CPU.ActiveCfg = Debug|Any CPU
		{2A275CEB-0000-CF51-7070-9EF57C891D06}.Debug|Any CPU.Build.0 = Debug|Any CPU
		{2A275CEB-0000-CF51-7070-9EF57C891D06}.Release|Any CPU.ActiveCfg = Release|Any CPU
		{2A275CEB-0000-CF51-7070-9EF57C891D06}.Release|Any CPU.Build.0 = Release|Any CPU
		{29A35E47-546B-C03E-3D38-BAD70D533771}.Debug|Any CPU.ActiveCfg = Debug|Any CPU
		{29A35E47-546B-C03E-3D38-BAD70D533771}.Debug|Any CPU.Build.0 = Debug|Any CPU
		{29A35E47-546B-C03E-3D38-BAD70D533771}.Release|Any CPU.ActiveCfg = Release|Any CPU
		{29A35E47-546B-C03E-3D38-BAD70D533771}.Release|Any CPU.Build.0 = Release|Any CPU
	EndGlobalSection
	GlobalSection(SolutionProperties) = preSolution
		HideSolutionNode = FALSE
	EndGlobalSection
EndGlobal
